
Microsoft Visual Studio Solution File, Format Version 12.00
# Visual Studio Version 18
VisualStudioVersion = 18.2.11415.280
MinimumVisualStudioVersion = 10.0.40219.1
Project("{FAE04EC0-301F-11D3-BF4B-00C04F79EFBC}") = "AIOMarketMaker.Tests", "AIOMarketMaker.Tests\AIOMarketMaker.Tests.csproj", "{3CC92A69-F751-4147-A632-31EFDC56921D}"
EndProject
Project("{FAE04EC0-301F-11D3-BF4B-00C04F79EFBC}") = "AIOWebScraper.Storage.Azure", "..\AIOWebScraper\AIOWebScraper.Storage.Azure\AIOWebScraper.Storage.Azure.csproj", "{5250E634-98D2-0600-D255-6CC64A94BB40}"
EndProject
Project("{FAE04EC0-301F-11D3-BF4B-00C04F79EFBC}") = "AIOMarketMaker.Etl", "AIOMarketMaker.Etl\AIOMarketMaker.Etl.csproj", "{D68E7387-F679-44DC-99C2-8D16AB04FB05}"
EndProject
Project("{FAE04EC0-301F-11D3-BF4B-00C04F79EFBC}") = "AIOMarketMaker.Core", "AIOMarketMaker.Core\AIOMarketMaker.Core.csproj", "{EC8FE1E5-6475-450F-8DEE-2C1C0048FDFF}"
EndProject
Project("{FAE04EC0-301F-11D3-BF4B-00C04F79EFBC}") = "AIOMarketMaker.Console", "AIOMarketMaker.Console\AIOMarketMaker.Console.csproj", "{A1B2C3D4-E5F6-4A5B-8C9D-0E1F2A3B4C5D}"
EndProject
Project("{FAE04EC0-301F-11D3-BF4B-00C04F79EFBC}") = "AIOMarketMaker.Functions", "AIOMarketMaker.Functions\AIOMarketMaker.Functions.csproj", "{0BAA23FA-8739-40FA-A8AF-A02E80881651}"
EndProject
Project("{FAE04EC0-301F-11D3-BF4B-00C04F79EFBC}") = "AIOMarketMaker.Desktop", "AIOMarketMaker.Desktop\AIOMarketMaker.Desktop.csproj", "{A07B2392-5CBC-4E1D-8D65-50CF5F8C25FC}"
EndProject
Project("{2150E333-8FDC-42A3-9474-1A3956D46DE8}") = "docs", "docs", "{B1C2D3E4-F5A6-4B7C-8D9E-0F1A2B3C4D5E}"
	ProjectSection(SolutionItems) = preProject
		CLAUDE.md = CLAUDE.md
		docs\getting-started.md = docs\getting-started.md
		docs\README.md = docs\README.md
		docs\troubleshooting.md = docs\troubleshooting.md
	EndProjectSection
EndProject
Project("{2150E333-8FDC-42A3-9474-1A3956D46DE8}") = "api", "api", "{F5A6B7C8-D9E0-4F1A-2B3C-4D5E6F7A8B9C}"
	ProjectSection(SolutionItems) = preProject
		docs\api\endpoints.md = docs\api\endpoints.md
	EndProjectSection
EndProject
Project("{2150E333-8FDC-42A3-9474-1A3956D46DE8}") = "architecture", "architecture", "{C2D3E4F5-A6B7-4C8D-9E0F-1A2B3C4D5E6F}"
	ProjectSection(SolutionItems) = preProject
		docs\architecture\2026-01-31-simplified-pipeline-architecture.md = docs\architecture\2026-01-31-simplified-pipeline-architecture.md
		docs\architecture\etl-flow.md = docs\architecture\etl-flow.md
	EndProjectSection
EndProject
Project("{2150E333-8FDC-42A3-9474-1A3956D46DE8}") = "investigations", "investigations", "{D3E4F5A6-B7C8-4D9E-0F1A-2B3C4D5E6F7A}"
	ProjectSection(SolutionItems) = preProject
		docs\investigations\2026-01-28-blob-trigger-not-firing.md = docs\investigations\2026-01-28-blob-trigger-not-firing.md
		docs\investigations\2026-01-28-premature-scrape-run-completion.md = docs\investigations\2026-01-28-premature-scrape-run-completion.md
		docs\investigations\debugging-notes-2026-01-26.md = docs\investigations\debugging-notes-2026-01-26.md
	EndProjectSection
EndProject
Project("{2150E333-8FDC-42A3-9474-1A3956D46DE8}") = "plans", "plans", "{E4F5A6B7-C8D9-4E0F-1A2B-3C4D5E6F7A8B}"
	ProjectSection(SolutionItems) = preProject
		docs\plans\2026-02-01-restore-pipeline-features-design.md = docs\plans\2026-02-01-restore-pipeline-features-design.md
		docs\plans\2026-02-01-restore-pipeline-features-implementation.md = docs\plans\2026-02-01-restore-pipeline-features-implementation.md
	EndProjectSection
EndProject
Project("{FAE04EC0-301F-11D3-BF4B-00C04F79EFBC}") = "AIOMarketMaker.Api", "AIOMarketMaker.Api\AIOMarketMaker.Api.csproj", "{F2511BBF-6BC1-4BCE-9127-FB9237FD43D4}"
EndProject
Project("{FAE04EC0-301F-11D3-BF4B-00C04F79EFBC}") = "AIOMarketMaker.ML", "AIOMarketMaker.ML\AIOMarketMaker.ML.csproj", "{0051D80E-C308-40C5-BFAD-CE23E3B2EE72}"
EndProject
Project("{FAE04EC0-301F-11D3-BF4B-00C04F79EFBC}") = "AIOMarketMaker.Tests.Common", "AIOMarketMaker.Tests.Common\AIOMarketMaker.Tests.Common.csproj", "{2ABBB8F1-ED1F-4D21-B90D-504D19EFAF1E}"
EndProject
Global
	GlobalSection(SolutionConfigurationPlatforms) = preSolution
		Debug|Any CPU = Debug|Any CPU
		Debug|x64 = Debug|x64
		Debug|x86 = Debug|x86
		Release|Any CPU = Release|Any CPU
		Release|x64 = Release|x64
		Release|x86 = Release|x86
	EndGlobalSection
	GlobalSection(ProjectConfigurationPlatforms) = postSolution
		{3CC92A69-F751-4147-A632-31EFDC56921D}.Debug|Any CPU.ActiveCfg = Debug|Any CPU
		{3CC92A69-F751-4147-A632-31EFDC56921D}.Debug|Any CPU.Build.0 = Debug|Any CPU
		{3CC92A69-F751-4147-A632-31EFDC56921D}.Debug|x64.ActiveCfg = Debug|Any CPU
		{3CC92A69-F751-4147-A632-31EFDC56921D}.Debug|x64.Build.0 = Debug|Any CPU
		{3CC92A69-F751-4147-A632-31EFDC56921D}.Debug|x86.ActiveCfg = Debug|Any CPU
		{3CC92A69-F751-4147-A632-31EFDC56921D}.Debug|x86.Build.0 = Debug|Any CPU
		{3CC92A69-F751-4147-A632-31EFDC56921D}.Release|Any CPU.ActiveCfg = Release|Any CPU
		{3CC92A69-F751-4147-A632-31EFDC56921D}.Release|Any CPU.Build.0 = Release|Any CPU
		{3CC92A69-F751-4147-A632-31EFDC56921D}.Release|x64.ActiveCfg = Release|Any CPU
		{3CC92A69-F751-4147-A632-31EFDC56921D}.Release|x64.Build.0 = Release|Any CPU
		{3CC92A69-F751-4147-A632-31EFDC56921D}.Release|x86.ActiveCfg = Release|Any CPU
		{3CC92A69-F751-4147-A632-31EFDC56921D}.Release|x86.Build.0 = Release|Any CPU
		{5250E634-98D2-0600-D255-6CC64A94BB40}.Debug|Any CPU.ActiveCfg = Debug|Any CPU
		{5250E634-98D2-0600-D255-6CC64A94BB40}.Debug|Any CPU.Build.0 = Debug|Any CPU
		{5250E634-98D2-0600-D255-6CC64A94BB40}.Debug|x64.ActiveCfg = Debug|Any CPU
		{5250E634-98D2-0600-D255-6CC64A94BB40}.Debug|x64.Build.0 = Debug|Any CPU
		{5250E634-98D2-0600-D255-6CC64A94BB40}.Debug|x86.ActiveCfg = Debug|Any CPU
		{5250E634-98D2-0600-D255-6CC64A94BB40}.Debug|x86.Build.0 = Debug|Any CPU
		{5250E634-98D2-0600-D255-6CC64A94BB40}.Release|Any CPU.ActiveCfg = Release|Any CPU
		{5250E634-98D2-0600-D255-6CC64A94BB40}.Release|Any CPU.Build.0 = Release|Any CPU
		{5250E634-98D2-0600-D255-6CC64A94BB40}.Release|x64.ActiveCfg = Release|Any CPU
		{5250E634-98D2-0600-D255-6CC64A94BB40}.Release|x64.Build.0 = Release|Any CPU
		{5250E634-98D2-0600-D255-6CC64A94BB40}.Release|x86.ActiveCfg = Release|Any CPU
		{5250E634-98D2-0600-D255-6CC64A94BB40}.Release|x86.Build.0 = Release|Any CPU
		{D68E7387-F679-44DC-99C2-8D16AB04FB05}.Debug|Any CPU.ActiveCfg = Debug|Any CPU
		{D68E7387-F679-44DC-99C2-8D16AB04FB05}.Debug|Any CPU.Build.0 = Debug|Any CPU
		{D68E7387-F679-44DC-99C2-8D16AB04FB05}.Debug|x64.ActiveCfg = Debug|Any CPU
		{D68E7387-F679-44DC-99C2-8D16AB04FB05}.Debug|x64.Build.0 = Debug|Any CPU
		{D68E7387-F679-44DC-99C2-8D16AB04FB05}.Debug|x86.ActiveCfg = Debug|Any CPU
		{D68E7387-F679-44DC-99C2-8D16AB04FB05}.Debug|x86.Build.0 = Debug|Any CPU
		{D68E7387-F679-44DC-99C2-8D16AB04FB05}.Release|Any CPU.ActiveCfg = Release|Any CPU
		{D68E7387-F679-44DC-99C2-8D16AB04FB05}.Release|Any CPU.Build.0 = Release|Any CPU
		{D68E7387-F679-44DC-99C2-8D16AB04FB05}.Release|x64.ActiveCfg = Release|Any CPU
		{D68E7387-F679-44DC-99C2-8D16AB04FB05}.Release|x64.Build.0 = Release|Any CPU
		{D68E7387-F679-44DC-99C2-8D16AB04FB05}.Release|x86.ActiveCfg = Release|Any CPU
		{D68E7387-F679-44DC-99C2-8D16AB04FB05}.Release|x86.Build.0 = Release|Any CPU
		{EC8FE1E5-6475-450F-8DEE-2C1C0048FDFF}.Debug|Any CPU.ActiveCfg = Debug|Any CPU
		{EC8FE1E5-6475-450F-8DEE-2C1C0048FDFF}.Debug|Any CPU.Build.0 = Debug|Any CPU
		{EC8FE1E5-6475-450F-8DEE-2C1C0048FDFF}.Debug|x64.ActiveCfg = Debug|Any CPU
		{EC8FE1E5-6475-450F-8DEE-2C1C0048FDFF}.Debug|x64.Build.0 = Debug|Any CPU
		{EC8FE1E5-6475-450F-8DEE-2C1C0048FDFF}.Debug|x86.ActiveCfg = Debug|Any CPU
		{EC8FE1E5-6475-450F-8DEE-2C1C0048FDFF}.Debug|x86.Build.0 = Debug|Any CPU
		{EC8FE1E5-6475-450F-8DEE-2C1C0048FDFF}.Release|Any CPU.ActiveCfg = Release|Any CPU
		{EC8FE1E5-6475-450F-8DEE-2C1C0048FDFF}.Release|Any CPU.Build.0 = Release|Any CPU
		{EC8FE1E5-6475-450F-8DEE-2C1C0048FDFF}.Release|x64.ActiveCfg = Release|Any CPU
		{EC8FE1E5-6475-450F-8DEE-2C1C0048FDFF}.Release|x64.Build.0 = Release|Any CPU
		{EC8FE1E5-6475-450F-8DEE-2C1C0048FDFF}.Release|x86.ActiveCfg = Release|Any CPU
		{EC8FE1E5-6475-450F-8DEE-2C1C0048FDFF}.Release|x86.Build.0 = Release|Any CPU
		{A1B2C3D4-E5F6-4A5B-8C9D-0E1F2A3B4C5D}.Debug|Any CPU.ActiveCfg = Debug|Any CPU
		{A1B2C3D4-E5F6-4A5B-8C9D-0E1F2A3B4C5D}.Debug|Any CPU.Build.0 = Debug|Any CPU
		{A1B2C3D4-E5F6-4A5B-8C9D-0E1F2A3B4C5D}.Debug|x64.ActiveCfg = Debug|Any CPU
		{A1B2C3D4-E5F6-4A5B-8C9D-0E1F2A3B4C5D}.Debug|x64.Build.0 = Debug|Any CPU
		{A1B2C3D4-E5F6-4A5B-8C9D-0E1F2A3B4C5D}.Debug|x86.ActiveCfg = Debug|Any CPU
		{A1B2C3D4-E5F6-4A5B-8C9D-0E1F2A3B4C5D}.Debug|x86.Build.0 = Debug|Any CPU
		{A1B2C3D4-E5F6-4A5B-8C9D-0E1F2A3B4C5D}.Release|Any CPU.ActiveCfg = Release|Any CPU
		{A1B2C3D4-E5F6-4A5B-8C9D-0E1F2A3B4C5D}.Release|Any CPU.Build.0 = Release|Any CPU
		{A1B2C3D4-E5F6-4A5B-8C9D-0E1F2A3B4C5D}.Release|x64.ActiveCfg = Release|Any CPU
		{A1B2C3D4-E5F6-4A5B-8C9D-0E1F2A3B4C5D}.Release|x64.Build.0 = Release|Any CPU
		{A1B2C3D4-E5F6-4A5B-8C9D-0E1F2A3B4C5D}.Release|x86.ActiveCfg = Release|Any CPU
		{A1B2C3D4-E5F6-4A5B-8C9D-0E1F2A3B4C5D}.Release|x86.Build.0 = Release|Any CPU
		{0BAA23FA-8739-40FA-A8AF-A02E80881651}.Debug|Any CPU.ActiveCfg = Debug|Any CPU
		{0BAA23FA-8739-40FA-A8AF-A02E80881651}.Debug|Any CPU.Build.0 = Debug|Any CPU
		{0BAA23FA-8739-40FA-A8AF-A02E80881651}.Debug|x64.ActiveCfg = Debug|Any CPU
		{0BAA23FA-8739-40FA-A8AF-A02E80881651}.Debug|x64.Build.0 = Debug|Any CPU
		{0BAA23FA-8739-40FA-A8AF-A02E80881651}.Debug|x86.ActiveCfg = Debug|Any CPU
		{0BAA23FA-8739-40FA-A8AF-A02E80881651}.Debug|x86.Build.0 = Debug|Any CPU
		{0BAA23FA-8739-40FA-A8AF-A02E80881651}.Release|Any CPU.ActiveCfg = Release|Any CPU
		{0BAA23FA-8739-40FA-A8AF-A02E80881651}.Release|Any CPU.Build.0 = Release|Any CPU
		{0BAA23FA-8739-40FA-A8AF-A02E80881651}.Release|x64.ActiveCfg = Release|Any CPU
		{0BAA23FA-8739-40FA-A8AF-A02E80881651}.Release|x64.Build.0 = Release|Any CPU
		{0BAA23FA-8739-40FA-A8AF-A02E80881651}.Release|x86.ActiveCfg = Release|Any CPU
		{0BAA23FA-8739-40FA-A8AF-A02E80881651}.Release|x86.Build.0 = Release|Any CPU
		{A07B2392-5CBC-4E1D-8D65-50CF5F8C25FC}.Debug|Any CPU.ActiveCfg = Debug|Any CPU
		{A07B2392-5CBC-4E1D-8D65-50CF5F8C25FC}.Debug|Any CPU.Build.0 = Debug|Any CPU
		{A07B2392-5CBC-4E1D-8D65-50CF5F8C25FC}.Debug|x64.ActiveCfg = Debug|Any CPU
		{A07B2392-5CBC-4E1D-8D65-50CF5F8C25FC}.Debug|x64.Build.0 = Debug|Any CPU
		{A07B2392-5CBC-4E1D-8D65-50CF5F8C25FC}.Debug|x86.ActiveCfg = Debug|Any CPU
		{A07B2392-5CBC-4E1D-8D65-50CF5F8C25FC}.Debug|x86.Build.0 = Debug|Any CPU
		{A07B2392-5CBC-4E1D-8D65-50CF5F8C25FC}.Release|Any CPU.ActiveCfg = Release|Any CPU
		{A07B2392-5CBC-4E1D-8D65-50CF5F8C25FC}.Release|Any CPU.Build.0 = Release|Any CPU
		{A07B2392-5CBC-4E1D-8D65-50CF5F8C25FC}.Release|x64.ActiveCfg = Release|Any CPU
		{A07B2392-5CBC-4E1D-8D65-50CF5F8C25FC}.Release|x64.Build.0 = Release|Any CPU
		{A07B2392-5CBC-4E1D-8D65-50CF5F8C25FC}.Release|x86.ActiveCfg = Release|Any CPU
		{A07B2392-5CBC-4E1D-8D65-50CF5F8C25FC}.Release|x86.Build.0 = Release|Any CPU
		{F2511BBF-6BC1-4BCE-9127-FB9237FD43D4}.Debug|Any CPU.ActiveCfg = Debug|Any CPU
		{F2511BBF-6BC1-4BCE-9127-FB9237FD43D4}.Debug|Any CPU.Build.0 = Debug|Any CPU
		{F2511BBF-6BC1-4BCE-9127-FB9237FD43D4}.Debug|x64.ActiveCfg = Debug|Any CPU
		{F2511BBF-6BC1-4BCE-9127-FB9237FD43D4}.Debug|x64.Build.0 = Debug|Any CPU
		{F2511BBF-6BC1-4BCE-9127-FB9237FD43D4}.Debug|x86.ActiveCfg = Debug|Any CPU
		{F2511BBF-6BC1-4BCE-9127-FB9237FD43D4}.Debug|x86.Build.0 = Debug|Any CPU
		{F2511BBF-6BC1-4BCE-9127-FB9237FD43D4}.Release|Any CPU.ActiveCfg = Release|Any CPU
		{F2511BBF-6BC1-4BCE-9127-FB9237FD43D4}.Release|Any CPU.Build.0 = Release|Any CPU
		{F2511BBF-6BC1-4BCE-9127-FB9237FD43D4}.Release|x64.ActiveCfg = Release|Any CPU
		{F2511BBF-6BC1-4BCE-9127-FB9237FD43D4}.Release|x64.Build.0 = Release|Any CPU
		{F2511BBF-6BC1-4BCE-9127-FB9237FD43D4}.Release|x86.ActiveCfg = Release|Any CPU
		{F2511BBF-6BC1-4BCE-9127-FB9237FD43D4}.Release|x86.Build.0 = Release|Any CPU
		{0051D80E-C308-40C5-BFAD-CE23E3B2EE72}.Debug|Any CPU.ActiveCfg = Debug|Any CPU
		{0051D80E-C308-40C5-BFAD-CE23E3B2EE72}.Debug|Any CPU.Build.0 = Debug|Any CPU
		{0051D80E-C308-40C5-BFAD-CE23E3B2EE72}.Debug|x64.ActiveCfg = Debug|Any CPU
		{0051D80E-C308-40C5-BFAD-CE23E3B2EE72}.Debug|x64.Build.0 = Debug|Any CPU
		{0051D80E-C308-40C5-BFAD-CE23E3B2EE72}.Debug|x86.ActiveCfg = Debug|Any CPU
		{0051D80E-C308-40C5-BFAD-CE23E3B2EE72}.Debug|x86.Build.0 = Debug|Any CPU
		{0051D80E-C308-40C5-BFAD-CE23E3B2EE72}.Release|Any CPU.ActiveCfg = Release|Any CPU
		{0051D80E-C308-40C5-BFAD-CE23E3B2EE72}.Release|Any CPU.Build.0 = Release|Any CPU
		{0051D80E-C308-40C5-BFAD-CE23E3B2EE72}.Release|x64.ActiveCfg = Release|Any CPU
		{0051D80E-C308-40C5-BFAD-CE23E3B2EE72}.Release|x64.Build.0 = Release|Any CPU
		{0051D80E-C308-40C5-BFAD-CE23E3B2EE72}.Release|x86.ActiveCfg = Release|Any CPU
		{0051D80E-C308-40C5-BFAD-CE23E3B2EE72}.Release|x86.Build.0 = Release|Any CPU
		{2ABBB8F1-ED1F-4D21-B90D-504D19EFAF1E}.Debug|Any CPU.ActiveCfg = Debug|Any CPU
		{2ABBB8F1-ED1F-4D21-B90D-504D19EFAF1E}.Debug|Any CPU.Build.0 = Debug|Any CPU
		{2ABBB8F1-ED1F-4D21-B90D-504D19EFAF1E}.Debug|x64.ActiveCfg = Debug|Any CPU
		{2ABBB8F1-ED1F-4D21-B90D-504D19EFAF1E}.Debug|x64.Build.0 = Debug|Any CPU
		{2ABBB8F1-ED1F-4D21-B90D-504D19EFAF1E}.Debug|x86.ActiveCfg = Debug|Any CPU
		{2ABBB8F1-ED1F-4D21-B90D-504D19EFAF1E}.Debug|x86.Build.0 = Debug|Any CPU
		{2ABBB8F1-ED1F-4D21-B90D-504D19EFAF1E}.Release|Any CPU.ActiveCfg = Release|Any CPU
		{2ABBB8F1-ED1F-4D21-B90D-504D19EFAF1E}.Release|Any CPU.Build.0 = Release|Any CPU
		{2ABBB8F1-ED1F-4D21-B90D-504D19EFAF1E}.Release|x64.ActiveCfg = Release|Any CPU
		{2ABBB8F1-ED1F-4D21-B90D-504D19EFAF1E}.Release|x64.Build.0 = Release|Any CPU
		{2ABBB8F1-ED1F-4D21-B90D-504D19EFAF1E}.Release|x86.ActiveCfg = Release|Any CPU
		{2ABBB8F1-ED1F-4D21-B90D-504D19EFAF1E}.Release|x86.Build.0 = Release|Any CPU
	EndGlobalSection
	GlobalSection(SolutionProperties) = preSolution
		HideSolutionNode = FALSE
	EndGlobalSection
	GlobalSection(NestedProjects) = preSolution
		{F5A6B7C8-D9E0-4F1A-2B3C-4D5E6F7A8B9C} = {B1C2D3E4-F5A6-4B7C-8D9E-0F1A2B3C4D5E}
		{C2D3E4F5-A6B7-4C8D-9E0F-1A2B3C4D5E6F} = {B1C2D3E4-F5A6-4B7C-8D9E-0F1A2B3C4D5E}
		{D3E4F5A6-B7C8-4D9E-0F1A-2B3C4D5E6F7A} = {B1C2D3E4-F5A6-4B7C-8D9E-0F1A2B3C4D5E}
		{E4F5A6B7-C8D9-4E0F-1A2B-3C4D5E6F7A8B} = {B1C2D3E4-F5A6-4B7C-8D9E-0F1A2B3C4D5E}
	EndGlobalSection
	GlobalSection(ExtensibilityGlobals) = postSolution
		SolutionGuid = {385635D7-235F-4698-8361-AE17E290E9C7}
	EndGlobalSection
EndGlobal
