
Microsoft Visual Studio Solution File, Format Version 12.00
# Visual Studio Version 17
VisualStudioVersion = 17.13.35931.197
MinimumVisualStudioVersion = 10.0.40219.1
Project("{FAE04EC0-301F-11D3-BF4B-00C04F79EFBC}") = "AIOMarketMaker.Api", "AIOMarketMaker\AIOMarketMaker.Api.csproj", "{8FB7759E-95F8-43C7-80F6-BDB57F250F60}"
EndProject
Project("{FAE04EC0-301F-11D3-BF4B-00C04F79EFBC}") = "AIOMarketMaker.Tests", "AIOMarketMaker.Tests\AIOMarketMaker.Tests.csproj", "{3CC92A69-F751-4147-A632-31EFDC56921D}"
EndProject
Project("{FAE04EC0-301F-11D3-BF4B-00C04F79EFBC}") = "AIOWebScraper.Storage.Azure", "..\AIOWebScraper\AIOWebScraper.Storage.Azure\AIOWebScraper.Storage.Azure.csproj", "{5250E634-98D2-0600-D255-6CC64A94BB40}"
EndProject
Global
	GlobalSection(SolutionConfigurationPlatforms) = preSolution
		Debug|Any CPU = Debug|Any CPU
		Release|Any CPU = Release|Any CPU
	EndGlobalSection
	GlobalSection(ProjectConfigurationPlatforms) = postSolution
		{8FB7759E-95F8-43C7-80F6-BDB57F250F60}.Debug|Any CPU.ActiveCfg = Debug|Any CPU
		{8FB7759E-95F8-43C7-80F6-BDB57F250F60}.Debug|Any CPU.Build.0 = Debug|Any CPU
		{8FB7759E-95F8-43C7-80F6-BDB57F250F60}.Release|Any CPU.ActiveCfg = Release|Any CPU
		{8FB7759E-95F8-43C7-80F6-BDB57F250F60}.Release|Any CPU.Build.0 = Release|Any CPU
		{3CC92A69-F751-4147-A632-31EFDC56921D}.Debug|Any CPU.ActiveCfg = Debug|Any CPU
		{3CC92A69-F751-4147-A632-31EFDC56921D}.Debug|Any CPU.Build.0 = Debug|Any CPU
		{3CC92A69-F751-4147-A632-31EFDC56921D}.Release|Any CPU.ActiveCfg = Release|Any CPU
		{3CC92A69-F751-4147-A632-31EFDC56921D}.Release|Any CPU.Build.0 = Release|Any CPU
		{5250E634-98D2-0600-D255-6CC64A94BB40}.Debug|Any CPU.ActiveCfg = Debug|Any CPU
		{5250E634-98D2-0600-D255-6CC64A94BB40}.Debug|Any CPU.Build.0 = Debug|Any CPU
		{5250E634-98D2-0600-D255-6CC64A94BB40}.Release|Any CPU.ActiveCfg = Release|Any CPU
		{5250E634-98D2-0600-D255-6CC64A94BB40}.Release|Any CPU.Build.0 = Release|Any CPU
	EndGlobalSection
	GlobalSection(SolutionProperties) = preSolution
		HideSolutionNode = FALSE
	EndGlobalSection
	GlobalSection(ExtensibilityGlobals) = postSolution
		SolutionGuid = {385635D7-235F-4698-8361-AE17E290E9C7}
	EndGlobalSection
EndGlobal
